
Microsoft Visual Studio Solution File, Format Version 12.00
# Visual Studio 15
VisualStudioVersion = 15.0.28307.539
MinimumVisualStudioVersion = 10.0.40219.1
Project("{FAE04EC0-301F-11D3-BF4B-00C04F79EFBC}") = "CaseTracker", "CaseTracker\CaseTracker.csproj", "{DD988320-CB5F-4C68-8309-2D11A569363C}"
EndProject
Global
	GlobalSection(SolutionConfigurationPlatforms) = preSolution
		Debug|Any CPU = Debug|Any CPU
		Release|Any CPU = Release|Any CPU
	EndGlobalSection
	GlobalSection(ProjectConfigurationPlatforms) = postSolution
		{DD988320-CB5F-4C68-8309-2D11A569363C}.Debug|Any CPU.ActiveCfg = Debug|Any CPU
		{DD988320-CB5F-4C68-8309-2D11A569363C}.Debug|Any CPU.Build.0 = Debug|Any CPU
		{DD988320-CB5F-4C68-8309-2D11A569363C}.Release|Any CPU.ActiveCfg = Release|Any CPU
		{DD988320-CB5F-4C68-8309-2D11A569363C}.Release|Any CPU.Build.0 = Release|Any CPU
	EndGlobalSection
	GlobalSection(SolutionProperties) = preSolution
		HideSolutionNode = FALSE
	EndGlobalSection
	GlobalSection(ExtensibilityGlobals) = postSolution
		SolutionGuid = {438FA5CE-8EB5-4852-B4F9-737729984772}
	EndGlobalSection
EndGlobal
